{
    "name": "playwright-framework",
    "version": "1.0.0",
    "lockfileVersion": 2,
    "requires": true,
    "packages": {
        "": {
            "name": "playwright-framework",
            "version": "1.0.0",
            "license": "ISC",
            "devDependencies": {
                "@faker-js/faker": "^7.1.0",
                "@playwright/test": "^1.22.2",
                "allure-commandline": "^2.17.2",
                "allure-playwright": "2.0.0-beta.16",
                "husky": "^8.0.1",
                "log4js": "^6.5.2",
                "playwright": "^1.22.2",
                "prettier": "^2.6.2",
                "typescript": "^4.7.2"
            },
            "engines": {
                "node": ">=14",
                "npm": ">=6.0.0"
            }
        },
        "node_modules/@faker-js/faker": {
            "version": "7.1.0",
            "resolved": "https://registry.npmjs.org/@faker-js/faker/-/faker-7.1.0.tgz",
            "integrity": "sha512-G+EvE29QUd9/6GTrwA/TK2AiN79W4ZG6kyJqj2RAqUqEd8A8ICnjA3Rj3F2IaaA+sq6WJzs4lh8GJJRDG1UH7A==",
            "dev": true,
            "engines": {
                "node": ">=14.0.0",
                "npm": ">=6.0.0"
            }
        },
        "node_modules/@playwright/test": {
            "version": "1.22.2",
            "resolved": "https://registry.npmjs.org/@playwright/test/-/test-1.22.2.tgz",
            "integrity": "sha512-cCl96BEBGPtptFz7C2FOSN3PrTnJ3rPpENe+gYCMx4GNNDlN4tmo2D89y13feGKTMMAIVrXfSQ/UmaQKLy1XLA==",
            "dev": true,
            "dependencies": {
                "@types/node": "*",
                "playwright-core": "1.22.2"
            },
            "bin": {
                "playwright": "cli.js"
            },
            "engines": {
                "node": ">=14"
            }
        },
        "node_modules/@types/node": {
            "version": "17.0.38",
            "resolved": "https://registry.npmjs.org/@types/node/-/node-17.0.38.tgz",
            "integrity": "sha512-5jY9RhV7c0Z4Jy09G+NIDTsCZ5G0L5n+Z+p+Y7t5VJHM30bgwzSjVtlcBxqAj+6L/swIlvtOSzr8rBk/aNyV2g==",
            "dev": true
        },
        "node_modules/allure-commandline": {
            "version": "2.17.2",
            "resolved": "https://registry.npmjs.org/allure-commandline/-/allure-commandline-2.17.2.tgz",
            "integrity": "sha512-2a0M0nX1KtVrg4y0rWEFn/OQkv7AaQSMBOEtlKfQl3heZoTEo0IdB08Uk5vU390+qPsEv3EO5igjyCrS0gX+FQ==",
            "dev": true,
            "bin": {
                "allure": "bin/allure"
            }
        },
        "node_modules/allure-js-commons": {
            "version": "2.0.0-beta.16",
            "resolved": "https://registry.npmjs.org/allure-js-commons/-/allure-js-commons-2.0.0-beta.16.tgz",
            "integrity": "sha512-biAFm8FugPMA0THZpsWLdi+F8n1BeUTYkkpmQ4ZqUAKeg2xcw5arM0Qa4rq6Qs0HPLbdVS9Jj8fb7e/ahCr/Ig==",
            "dev": true,
            "dependencies": {
                "mkdirp": "^1.0.4",
                "properties": "^1.2.1",
                "uuid": "^8.3.0"
            }
        },
        "node_modules/allure-playwright": {
            "version": "2.0.0-beta.16",
            "resolved": "https://registry.npmjs.org/allure-playwright/-/allure-playwright-2.0.0-beta.16.tgz",
            "integrity": "sha512-0Nj2BLIIRFUCZn7CGSXYa7d1M+phmSzUwMD3fbHVxO+q10vNrY8Hf5IT2ITwWMtUHaTAE6uH58GPsa6DB9N3Xw==",
            "dev": true,
            "dependencies": {
                "allure-js-commons": "2.0.0-beta.16"
            }
        },
        "node_modules/date-format": {
            "version": "4.0.11",
            "resolved": "https://registry.npmjs.org/date-format/-/date-format-4.0.11.tgz",
            "integrity": "sha512-VS20KRyorrbMCQmpdl2hg5KaOUsda1RbnsJg461FfrcyCUg+pkd0b40BSW4niQyTheww4DBXQnS7HwSrKkipLw==",
            "dev": true,
            "engines": {
                "node": ">=4.0"
            }
        },
        "node_modules/debug": {
            "version": "4.3.4",
            "resolved": "https://registry.npmjs.org/debug/-/debug-4.3.4.tgz",
            "integrity": "sha512-PRWFHuSU3eDtQJPvnNY7Jcket1j0t5OuOsFzPPzsekD52Zl8qUfFIPEiswXqIvHWGVHOgX+7G/vCNNhehwxfkQ==",
            "dev": true,
            "dependencies": {
                "ms": "2.1.2"
            },
            "engines": {
                "node": ">=6.0"
            },
            "peerDependenciesMeta": {
                "supports-color": {
                    "optional": true
                }
            }
        },
        "node_modules/flatted": {
            "version": "3.2.5",
            "resolved": "https://registry.npmjs.org/flatted/-/flatted-3.2.5.tgz",
            "integrity": "sha512-WIWGi2L3DyTUvUrwRKgGi9TwxQMUEqPOPQBVi71R96jZXJdFskXEmf54BoZaS1kknGODoIGASGEzBUYdyMCBJg==",
            "dev": true
        },
        "node_modules/fs-extra": {
            "version": "10.1.0",
            "resolved": "https://registry.npmjs.org/fs-extra/-/fs-extra-10.1.0.tgz",
            "integrity": "sha512-oRXApq54ETRj4eMiFzGnHWGy+zo5raudjuxN0b8H7s/RU2oW0Wvsx9O0ACRN/kRq9E8Vu/ReskGB5o3ji+FzHQ==",
            "dev": true,
            "dependencies": {
                "graceful-fs": "^4.2.0",
                "jsonfile": "^6.0.1",
                "universalify": "^2.0.0"
            },
            "engines": {
                "node": ">=12"
            }
        },
        "node_modules/graceful-fs": {
            "version": "4.2.10",
            "resolved": "https://registry.npmjs.org/graceful-fs/-/graceful-fs-4.2.10.tgz",
            "integrity": "sha512-9ByhssR2fPVsNZj478qUUbKfmL0+t5BDVyjShtyZZLiK7ZDAArFFfopyOTj0M05wE2tJPisA4iTnnXl2YoPvOA==",
            "dev": true
        },
        "node_modules/husky": {
            "version": "8.0.1",
            "resolved": "https://registry.npmjs.org/husky/-/husky-8.0.1.tgz",
            "integrity": "sha512-xs7/chUH/CKdOCs7Zy0Aev9e/dKOMZf3K1Az1nar3tzlv0jfqnYtu235bstsWTmXOR0EfINrPa97yy4Lz6RiKw==",
            "dev": true,
            "bin": {
                "husky": "lib/bin.js"
            },
            "engines": {
                "node": ">=14"
            },
            "funding": {
                "url": "https://github.com/sponsors/typicode"
            }
        },
        "node_modules/jsonfile": {
            "version": "6.1.0",
            "resolved": "https://registry.npmjs.org/jsonfile/-/jsonfile-6.1.0.tgz",
            "integrity": "sha512-5dgndWOriYSm5cnYaJNhalLNDKOqFwyDB/rr1E9ZsGciGvKPs8R2xYGCacuf3z6K1YKDz182fd+fY3cn3pMqXQ==",
            "dev": true,
            "dependencies": {
                "universalify": "^2.0.0"
            },
            "optionalDependencies": {
                "graceful-fs": "^4.1.6"
            }
        },
        "node_modules/log4js": {
            "version": "6.5.2",
            "resolved": "https://registry.npmjs.org/log4js/-/log4js-6.5.2.tgz",
            "integrity": "sha512-DXtpNtt+KDOMT7RHUDIur/WsSA3rntlUh9Zg4XCdV42wUuMmbFkl38+LZ92Z5QvQA7mD5kAVkLiBSEH/tvUB8A==",
            "dev": true,
            "dependencies": {
                "date-format": "^4.0.10",
                "debug": "^4.3.4",
                "flatted": "^3.2.5",
                "rfdc": "^1.3.0",
                "streamroller": "^3.1.1"
            },
            "engines": {
                "node": ">=8.0"
            }
        },
        "node_modules/mkdirp": {
            "version": "1.0.4",
            "resolved": "https://registry.npmjs.org/mkdirp/-/mkdirp-1.0.4.tgz",
            "integrity": "sha512-vVqVZQyf3WLx2Shd0qJ9xuvqgAyKPLAiqITEtqW0oIUjzo3PePDd6fW9iFz30ef7Ysp/oiWqbhszeGWW2T6Gzw==",
            "dev": true,
            "bin": {
                "mkdirp": "bin/cmd.js"
            },
            "engines": {
                "node": ">=10"
            }
        },
        "node_modules/ms": {
            "version": "2.1.2",
            "resolved": "https://registry.npmjs.org/ms/-/ms-2.1.2.tgz",
            "integrity": "sha512-sGkPx+VjMtmA6MX27oA4FBFELFCZZ4S4XqeGOXCv68tT+jb3vk/RyaKWP0PTKyWtmLSM0b+adUTEvbs1PEaH2w==",
            "dev": true
        },
        "node_modules/playwright": {
            "version": "1.22.2",
            "resolved": "https://registry.npmjs.org/playwright/-/playwright-1.22.2.tgz",
            "integrity": "sha512-hUTpg7LytIl3/O4t0AQJS1V6hWsaSY5uZ7w1oCC8r3a1AQN5d6otIdCkiB3cbzgQkcMaRxisinjMFMVqZkybdQ==",
            "dev": true,
            "hasInstallScript": true,
            "dependencies": {
                "playwright-core": "1.22.2"
            },
            "bin": {
                "playwright": "cli.js"
            },
            "engines": {
                "node": ">=14"
            }
        },
        "node_modules/playwright-core": {
            "version": "1.22.2",
            "resolved": "https://registry.npmjs.org/playwright-core/-/playwright-core-1.22.2.tgz",
            "integrity": "sha512-w/hc/Ld0RM4pmsNeE6aL/fPNWw8BWit2tg+TfqJ3+p59c6s3B6C8mXvXrIPmfQEobkcFDc+4KirNzOQ+uBSP1Q==",
            "dev": true,
            "bin": {
                "playwright": "cli.js"
            },
            "engines": {
                "node": ">=14"
            }
        },
        "node_modules/prettier": {
            "version": "2.6.2",
            "resolved": "https://registry.npmjs.org/prettier/-/prettier-2.6.2.tgz",
            "integrity": "sha512-PkUpF+qoXTqhOeWL9fu7As8LXsIUZ1WYaJiY/a7McAQzxjk82OF0tibkFXVCDImZtWxbvojFjerkiLb0/q8mew==",
            "dev": true,
            "bin": {
                "prettier": "bin-prettier.js"
            },
            "engines": {
                "node": ">=10.13.0"
            },
            "funding": {
                "url": "https://github.com/prettier/prettier?sponsor=1"
            }
        },
        "node_modules/properties": {
            "version": "1.2.1",
            "resolved": "https://registry.npmjs.org/properties/-/properties-1.2.1.tgz",
            "integrity": "sha512-qYNxyMj1JeW54i/EWEFsM1cVwxJbtgPp8+0Wg9XjNaK6VE/c4oRi6PNu5p7w1mNXEIQIjV5Wwn8v8Gz82/QzdQ==",
            "dev": true,
            "engines": {
                "node": ">=0.10"
            }
        },
        "node_modules/rfdc": {
            "version": "1.3.0",
            "resolved": "https://registry.npmjs.org/rfdc/-/rfdc-1.3.0.tgz",
            "integrity": "sha512-V2hovdzFbOi77/WajaSMXk2OLm+xNIeQdMMuB7icj7bk6zi2F8GGAxigcnDFpJHbNyNcgyJDiP+8nOrY5cZGrA==",
            "dev": true
        },
        "node_modules/streamroller": {
            "version": "3.1.1",
            "resolved": "https://registry.npmjs.org/streamroller/-/streamroller-3.1.1.tgz",
            "integrity": "sha512-iPhtd9unZ6zKdWgMeYGfSBuqCngyJy1B/GPi/lTpwGpa3bajuX30GjUVd0/Tn/Xhg0mr4DOSENozz9Y06qyonQ==",
            "dev": true,
            "dependencies": {
                "date-format": "^4.0.10",
                "debug": "^4.3.4",
                "fs-extra": "^10.1.0"
            },
            "engines": {
                "node": ">=8.0"
            }
        },
        "node_modules/typescript": {
            "version": "4.7.2",
            "resolved": "https://registry.npmjs.org/typescript/-/typescript-4.7.2.tgz",
            "integrity": "sha512-Mamb1iX2FDUpcTRzltPxgWMKy3fhg0TN378ylbktPGPK/99KbDtMQ4W1hwgsbPAsG3a0xKa1vmw4VKZQbkvz5A==",
            "dev": true,
            "bin": {
                "tsc": "bin/tsc",
                "tsserver": "bin/tsserver"
            },
            "engines": {
                "node": ">=4.2.0"
            }
        },
        "node_modules/universalify": {
            "version": "2.0.0",
            "resolved": "https://registry.npmjs.org/universalify/-/universalify-2.0.0.tgz",
            "integrity": "sha512-hAZsKq7Yy11Zu1DE0OzWjw7nnLZmJZYTDZZyEFHZdUhV8FkH5MCfoU1XMaxXovpyW5nq5scPqq0ZDP9Zyl04oQ==",
            "dev": true,
            "engines": {
                "node": ">= 10.0.0"
            }
        },
        "node_modules/uuid": {
            "version": "8.3.2",
            "resolved": "https://registry.npmjs.org/uuid/-/uuid-8.3.2.tgz",
            "integrity": "sha512-+NYs2QeMWy+GWFOEm9xnn6HCDp0l7QBD7ml8zLUmJ+93Q5NF0NocErnwkTkXVFNiX3/fpC6afS8Dhb/gz7R7eg==",
            "dev": true,
            "bin": {
                "uuid": "dist/bin/uuid"
            }
        }
    },
    "dependencies": {
        "@faker-js/faker": {
            "version": "7.1.0",
            "resolved": "https://registry.npmjs.org/@faker-js/faker/-/faker-7.1.0.tgz",
            "integrity": "sha512-G+EvE29QUd9/6GTrwA/TK2AiN79W4ZG6kyJqj2RAqUqEd8A8ICnjA3Rj3F2IaaA+sq6WJzs4lh8GJJRDG1UH7A==",
            "dev": true
        },
        "@playwright/test": {
            "version": "1.22.2",
            "resolved": "https://registry.npmjs.org/@playwright/test/-/test-1.22.2.tgz",
            "integrity": "sha512-cCl96BEBGPtptFz7C2FOSN3PrTnJ3rPpENe+gYCMx4GNNDlN4tmo2D89y13feGKTMMAIVrXfSQ/UmaQKLy1XLA==",
            "dev": true,
            "requires": {
                "@types/node": "*",
                "playwright-core": "1.22.2"
            }
        },
        "@types/node": {
            "version": "17.0.38",
            "resolved": "https://registry.npmjs.org/@types/node/-/node-17.0.38.tgz",
            "integrity": "sha512-5jY9RhV7c0Z4Jy09G+NIDTsCZ5G0L5n+Z+p+Y7t5VJHM30bgwzSjVtlcBxqAj+6L/swIlvtOSzr8rBk/aNyV2g==",
            "dev": true
        },
        "allure-commandline": {
            "version": "2.17.2",
            "resolved": "https://registry.npmjs.org/allure-commandline/-/allure-commandline-2.17.2.tgz",
            "integrity": "sha512-2a0M0nX1KtVrg4y0rWEFn/OQkv7AaQSMBOEtlKfQl3heZoTEo0IdB08Uk5vU390+qPsEv3EO5igjyCrS0gX+FQ==",
            "dev": true
        },
        "allure-js-commons": {
            "version": "2.0.0-beta.16",
            "resolved": "https://registry.npmjs.org/allure-js-commons/-/allure-js-commons-2.0.0-beta.16.tgz",
            "integrity": "sha512-biAFm8FugPMA0THZpsWLdi+F8n1BeUTYkkpmQ4ZqUAKeg2xcw5arM0Qa4rq6Qs0HPLbdVS9Jj8fb7e/ahCr/Ig==",
            "dev": true,
            "requires": {
                "mkdirp": "^1.0.4",
                "properties": "^1.2.1",
                "uuid": "^8.3.0"
            }
        },
        "allure-playwright": {
            "version": "2.0.0-beta.16",
            "resolved": "https://registry.npmjs.org/allure-playwright/-/allure-playwright-2.0.0-beta.16.tgz",
            "integrity": "sha512-0Nj2BLIIRFUCZn7CGSXYa7d1M+phmSzUwMD3fbHVxO+q10vNrY8Hf5IT2ITwWMtUHaTAE6uH58GPsa6DB9N3Xw==",
            "dev": true,
            "requires": {
                "allure-js-commons": "2.0.0-beta.16"
            }
        },
        "date-format": {
            "version": "4.0.11",
            "resolved": "https://registry.npmjs.org/date-format/-/date-format-4.0.11.tgz",
            "integrity": "sha512-VS20KRyorrbMCQmpdl2hg5KaOUsda1RbnsJg461FfrcyCUg+pkd0b40BSW4niQyTheww4DBXQnS7HwSrKkipLw==",
            "dev": true
        },
        "debug": {
            "version": "4.3.4",
            "resolved": "https://registry.npmjs.org/debug/-/debug-4.3.4.tgz",
            "integrity": "sha512-PRWFHuSU3eDtQJPvnNY7Jcket1j0t5OuOsFzPPzsekD52Zl8qUfFIPEiswXqIvHWGVHOgX+7G/vCNNhehwxfkQ==",
            "dev": true,
            "requires": {
                "ms": "2.1.2"
            }
        },
        "flatted": {
            "version": "3.2.5",
            "resolved": "https://registry.npmjs.org/flatted/-/flatted-3.2.5.tgz",
            "integrity": "sha512-WIWGi2L3DyTUvUrwRKgGi9TwxQMUEqPOPQBVi71R96jZXJdFskXEmf54BoZaS1kknGODoIGASGEzBUYdyMCBJg==",
            "dev": true
        },
        "fs-extra": {
            "version": "10.1.0",
            "resolved": "https://registry.npmjs.org/fs-extra/-/fs-extra-10.1.0.tgz",
            "integrity": "sha512-oRXApq54ETRj4eMiFzGnHWGy+zo5raudjuxN0b8H7s/RU2oW0Wvsx9O0ACRN/kRq9E8Vu/ReskGB5o3ji+FzHQ==",
            "dev": true,
            "requires": {
                "graceful-fs": "^4.2.0",
                "jsonfile": "^6.0.1",
                "universalify": "^2.0.0"
            }
        },
        "graceful-fs": {
            "version": "4.2.10",
            "resolved": "https://registry.npmjs.org/graceful-fs/-/graceful-fs-4.2.10.tgz",
            "integrity": "sha512-9ByhssR2fPVsNZj478qUUbKfmL0+t5BDVyjShtyZZLiK7ZDAArFFfopyOTj0M05wE2tJPisA4iTnnXl2YoPvOA==",
            "dev": true
        },
        "husky": {
            "version": "8.0.1",
            "resolved": "https://registry.npmjs.org/husky/-/husky-8.0.1.tgz",
            "integrity": "sha512-xs7/chUH/CKdOCs7Zy0Aev9e/dKOMZf3K1Az1nar3tzlv0jfqnYtu235bstsWTmXOR0EfINrPa97yy4Lz6RiKw==",
            "dev": true
        },
        "jsonfile": {
            "version": "6.1.0",
            "resolved": "https://registry.npmjs.org/jsonfile/-/jsonfile-6.1.0.tgz",
            "integrity": "sha512-5dgndWOriYSm5cnYaJNhalLNDKOqFwyDB/rr1E9ZsGciGvKPs8R2xYGCacuf3z6K1YKDz182fd+fY3cn3pMqXQ==",
            "dev": true,
            "requires": {
                "graceful-fs": "^4.1.6",
                "universalify": "^2.0.0"
            }
        },
        "log4js": {
            "version": "6.5.2",
            "resolved": "https://registry.npmjs.org/log4js/-/log4js-6.5.2.tgz",
            "integrity": "sha512-DXtpNtt+KDOMT7RHUDIur/WsSA3rntlUh9Zg4XCdV42wUuMmbFkl38+LZ92Z5QvQA7mD5kAVkLiBSEH/tvUB8A==",
            "dev": true,
            "requires": {
                "date-format": "^4.0.10",
                "debug": "^4.3.4",
                "flatted": "^3.2.5",
                "rfdc": "^1.3.0",
                "streamroller": "^3.1.1"
            }
        },
        "mkdirp": {
            "version": "1.0.4",
            "resolved": "https://registry.npmjs.org/mkdirp/-/mkdirp-1.0.4.tgz",
            "integrity": "sha512-vVqVZQyf3WLx2Shd0qJ9xuvqgAyKPLAiqITEtqW0oIUjzo3PePDd6fW9iFz30ef7Ysp/oiWqbhszeGWW2T6Gzw==",
            "dev": true
        },
        "ms": {
            "version": "2.1.2",
            "resolved": "https://registry.npmjs.org/ms/-/ms-2.1.2.tgz",
            "integrity": "sha512-sGkPx+VjMtmA6MX27oA4FBFELFCZZ4S4XqeGOXCv68tT+jb3vk/RyaKWP0PTKyWtmLSM0b+adUTEvbs1PEaH2w==",
            "dev": true
        },
        "playwright": {
            "version": "1.22.2",
            "resolved": "https://registry.npmjs.org/playwright/-/playwright-1.22.2.tgz",
            "integrity": "sha512-hUTpg7LytIl3/O4t0AQJS1V6hWsaSY5uZ7w1oCC8r3a1AQN5d6otIdCkiB3cbzgQkcMaRxisinjMFMVqZkybdQ==",
            "dev": true,
            "requires": {
                "playwright-core": "1.22.2"
            }
        },
        "playwright-core": {
            "version": "1.22.2",
            "resolved": "https://registry.npmjs.org/playwright-core/-/playwright-core-1.22.2.tgz",
            "integrity": "sha512-w/hc/Ld0RM4pmsNeE6aL/fPNWw8BWit2tg+TfqJ3+p59c6s3B6C8mXvXrIPmfQEobkcFDc+4KirNzOQ+uBSP1Q==",
            "dev": true
        },
        "prettier": {
            "version": "2.6.2",
            "resolved": "https://registry.npmjs.org/prettier/-/prettier-2.6.2.tgz",
            "integrity": "sha512-PkUpF+qoXTqhOeWL9fu7As8LXsIUZ1WYaJiY/a7McAQzxjk82OF0tibkFXVCDImZtWxbvojFjerkiLb0/q8mew==",
            "dev": true
        },
        "properties": {
            "version": "1.2.1",
            "resolved": "https://registry.npmjs.org/properties/-/properties-1.2.1.tgz",
            "integrity": "sha512-qYNxyMj1JeW54i/EWEFsM1cVwxJbtgPp8+0Wg9XjNaK6VE/c4oRi6PNu5p7w1mNXEIQIjV5Wwn8v8Gz82/QzdQ==",
            "dev": true
        },
        "rfdc": {
            "version": "1.3.0",
            "resolved": "https://registry.npmjs.org/rfdc/-/rfdc-1.3.0.tgz",
            "integrity": "sha512-V2hovdzFbOi77/WajaSMXk2OLm+xNIeQdMMuB7icj7bk6zi2F8GGAxigcnDFpJHbNyNcgyJDiP+8nOrY5cZGrA==",
            "dev": true
        },
        "streamroller": {
            "version": "3.1.1",
            "resolved": "https://registry.npmjs.org/streamroller/-/streamroller-3.1.1.tgz",
            "integrity": "sha512-iPhtd9unZ6zKdWgMeYGfSBuqCngyJy1B/GPi/lTpwGpa3bajuX30GjUVd0/Tn/Xhg0mr4DOSENozz9Y06qyonQ==",
            "dev": true,
            "requires": {
                "date-format": "^4.0.10",
                "debug": "^4.3.4",
                "fs-extra": "^10.1.0"
            }
        },
        "typescript": {
            "version": "4.7.2",
            "resolved": "https://registry.npmjs.org/typescript/-/typescript-4.7.2.tgz",
            "integrity": "sha512-Mamb1iX2FDUpcTRzltPxgWMKy3fhg0TN378ylbktPGPK/99KbDtMQ4W1hwgsbPAsG3a0xKa1vmw4VKZQbkvz5A==",
            "dev": true
        },
        "universalify": {
            "version": "2.0.0",
            "resolved": "https://registry.npmjs.org/universalify/-/universalify-2.0.0.tgz",
            "integrity": "sha512-hAZsKq7Yy11Zu1DE0OzWjw7nnLZmJZYTDZZyEFHZdUhV8FkH5MCfoU1XMaxXovpyW5nq5scPqq0ZDP9Zyl04oQ==",
            "dev": true
        },
        "uuid": {
            "version": "8.3.2",
            "resolved": "https://registry.npmjs.org/uuid/-/uuid-8.3.2.tgz",
            "integrity": "sha512-+NYs2QeMWy+GWFOEm9xnn6HCDp0l7QBD7ml8zLUmJ+93Q5NF0NocErnwkTkXVFNiX3/fpC6afS8Dhb/gz7R7eg==",
            "dev": true
        }
    }
}
